
Microsoft Visual Studio Solution File, Format Version 12.00
# Visual Studio Version 17
VisualStudioVersion = 17.9.34723.18
MinimumVisualStudioVersion = 10.0.40219.1
Project("{9A19103F-16F7-4668-BE54-9A1E7A4F7556}") = "Battleship API", "Battleship API.csproj", "{EE6F0270-6131-4EF3-8D21-29C31F6BC4FE}"
EndProject
Project("{2150E333-8FDC-42A3-9474-1A3956D46DE8}") = "Core", "Core", "{7595156C-73E0-48CD-BFF2-A913A96C817C}"
EndProject
Project("{9A19103F-16F7-4668-BE54-9A1E7A4F7556}") = "BattleshipAPI.Domain", "Core\BattleshipAPI.Domain\BattleshipAPI.Domain.csproj", "{639EFBA9-4D2F-4614-8951-64D45C7F0999}"
EndProject
Project("{9A19103F-16F7-4668-BE54-9A1E7A4F7556}") = "BattleshipAPI.Application", "Core\BattleshipAPI.Application\BattleshipAPI.Application.csproj", "{B3122A63-8488-4D95-84BA-757B4E9CF7AB}"
EndProject
Project("{2150E333-8FDC-42A3-9474-1A3956D46DE8}") = "Infrastructure", "Infrastructure", "{6DD8AA83-FFFE-4C54-96E5-FFE7A78592F8}"
EndProject
Project("{9A19103F-16F7-4668-BE54-9A1E7A4F7556}") = "BattleshipAPI.Infrastructure", "Infrastructure\Infrastructure\BattleshipAPI.Infrastructure.csproj", "{7FBB906B-6B86-411F-95B6-56E73F6C9EB9}"
EndProject
Project("{9A19103F-16F7-4668-BE54-9A1E7A4F7556}") = "BattleshipAPI.Persistence", "Infrastructure\BattleshipAPI.Persistence\BattleshipAPI.Persistence.csproj", "{B9C51C06-874B-4B05-9DCA-B6E9130EDD34}"
EndProject
Project("{2150E333-8FDC-42A3-9474-1A3956D46DE8}") = "Presentation", "Presentation", "{B47C55AA-1274-49DB-9D74-0001FA4F7715}"
EndProject
Project("{2150E333-8FDC-42A3-9474-1A3956D46DE8}") = "Solution Items", "Solution Items", "{A4A70E1E-4692-40D6-B7D7-EB59AAE4F1A8}"
	ProjectSection(SolutionItems) = preProject
		.editorconfig = .editorconfig
	EndProjectSection
EndProject
Global
	GlobalSection(SolutionConfigurationPlatforms) = preSolution
		Debug|Any CPU = Debug|Any CPU
		Release|Any CPU = Release|Any CPU
	EndGlobalSection
	GlobalSection(ProjectConfigurationPlatforms) = postSolution
		{EE6F0270-6131-4EF3-8D21-29C31F6BC4FE}.Debug|Any CPU.ActiveCfg = Debug|Any CPU
		{EE6F0270-6131-4EF3-8D21-29C31F6BC4FE}.Debug|Any CPU.Build.0 = Debug|Any CPU
		{EE6F0270-6131-4EF3-8D21-29C31F6BC4FE}.Release|Any CPU.ActiveCfg = Release|Any CPU
		{EE6F0270-6131-4EF3-8D21-29C31F6BC4FE}.Release|Any CPU.Build.0 = Release|Any CPU
		{639EFBA9-4D2F-4614-8951-64D45C7F0999}.Debug|Any CPU.ActiveCfg = Debug|Any CPU
		{639EFBA9-4D2F-4614-8951-64D45C7F0999}.Debug|Any CPU.Build.0 = Debug|Any CPU
		{639EFBA9-4D2F-4614-8951-64D45C7F0999}.Release|Any CPU.ActiveCfg = Release|Any CPU
		{639EFBA9-4D2F-4614-8951-64D45C7F0999}.Release|Any CPU.Build.0 = Release|Any CPU
		{B3122A63-8488-4D95-84BA-757B4E9CF7AB}.Debug|Any CPU.ActiveCfg = Debug|Any CPU
		{B3122A63-8488-4D95-84BA-757B4E9CF7AB}.Debug|Any CPU.Build.0 = Debug|Any CPU
		{B3122A63-8488-4D95-84BA-757B4E9CF7AB}.Release|Any CPU.ActiveCfg = Release|Any CPU
		{B3122A63-8488-4D95-84BA-757B4E9CF7AB}.Release|Any CPU.Build.0 = Release|Any CPU
		{7FBB906B-6B86-411F-95B6-56E73F6C9EB9}.Debug|Any CPU.ActiveCfg = Debug|Any CPU
		{7FBB906B-6B86-411F-95B6-56E73F6C9EB9}.Debug|Any CPU.Build.0 = Debug|Any CPU
		{7FBB906B-6B86-411F-95B6-56E73F6C9EB9}.Release|Any CPU.ActiveCfg = Release|Any CPU
		{7FBB906B-6B86-411F-95B6-56E73F6C9EB9}.Release|Any CPU.Build.0 = Release|Any CPU
		{B9C51C06-874B-4B05-9DCA-B6E9130EDD34}.Debug|Any CPU.ActiveCfg = Debug|Any CPU
		{B9C51C06-874B-4B05-9DCA-B6E9130EDD34}.Debug|Any CPU.Build.0 = Debug|Any CPU
		{B9C51C06-874B-4B05-9DCA-B6E9130EDD34}.Release|Any CPU.ActiveCfg = Release|Any CPU
		{B9C51C06-874B-4B05-9DCA-B6E9130EDD34}.Release|Any CPU.Build.0 = Release|Any CPU
	EndGlobalSection
	GlobalSection(SolutionProperties) = preSolution
		HideSolutionNode = FALSE
	EndGlobalSection
	GlobalSection(NestedProjects) = preSolution
		{EE6F0270-6131-4EF3-8D21-29C31F6BC4FE} = {B47C55AA-1274-49DB-9D74-0001FA4F7715}
		{639EFBA9-4D2F-4614-8951-64D45C7F0999} = {7595156C-73E0-48CD-BFF2-A913A96C817C}
		{B3122A63-8488-4D95-84BA-757B4E9CF7AB} = {7595156C-73E0-48CD-BFF2-A913A96C817C}
		{7FBB906B-6B86-411F-95B6-56E73F6C9EB9} = {6DD8AA83-FFFE-4C54-96E5-FFE7A78592F8}
		{B9C51C06-874B-4B05-9DCA-B6E9130EDD34} = {6DD8AA83-FFFE-4C54-96E5-FFE7A78592F8}
	EndGlobalSection
	GlobalSection(ExtensibilityGlobals) = postSolution
		SolutionGuid = {2179EF09-F523-4ABA-8979-D2378A0ADD5E}
	EndGlobalSection
EndGlobal
